// !$*UTF8*$!
{
	archiveVersion = 1;
	classes = {
	};
	objectVersion = 56;
	objects = {

/* Begin PBXBuildFile section */
		F70C07622AF6753300039E1E /* DetailViewController.swift in Sources */ = {isa = PBXBuildFile; fileRef = F70C07612AF6753300039E1E /* DetailViewController.swift */; };
		F7DCB0572AF4E37B001E8801 /* AppDelegate.swift in Sources */ = {isa = PBXBuildFile; fileRef = F7DCB0562AF4E37B001E8801 /* AppDelegate.swift */; };
		F7DCB0592AF4E37B001E8801 /* SceneDelegate.swift in Sources */ = {isa = PBXBuildFile; fileRef = F7DCB0582AF4E37B001E8801 /* SceneDelegate.swift */; };
		F7DCB05B2AF4E37B001E8801 /* ViewController.swift in Sources */ = {isa = PBXBuildFile; fileRef = F7DCB05A2AF4E37B001E8801 /* ViewController.swift */; };
		F7DCB05E2AF4E37B001E8801 /* Main.storyboard in Resources */ = {isa = PBXBuildFile; fileRef = F7DCB05C2AF4E37B001E8801 /* Main.storyboard */; };
		F7DCB0602AF4E37C001E8801 /* Assets.xcassets in Resources */ = {isa = PBXBuildFile; fileRef = F7DCB05F2AF4E37C001E8801 /* Assets.xcassets */; };
		F7DCB0632AF4E37C001E8801 /* LaunchScreen.storyboard in Resources */ = {isa = PBXBuildFile; fileRef = F7DCB0612AF4E37C001E8801 /* LaunchScreen.storyboard */; };
		F7DCB0752AF4E511001E8801 /* nssl0049.jpg in Resources */ = {isa = PBXBuildFile; fileRef = F7DCB06B2AF4E511001E8801 /* nssl0049.jpg */; };
		F7DCB0762AF4E511001E8801 /* nssl0046.jpg in Resources */ = {isa = PBXBuildFile; fileRef = F7DCB06C2AF4E511001E8801 /* nssl0046.jpg */; };
		F7DCB0772AF4E511001E8801 /* nssl0091.jpg in Resources */ = {isa = PBXBuildFile; fileRef = F7DCB06D2AF4E511001E8801 /* nssl0091.jpg */; };
		F7DCB0782AF4E511001E8801 /* nssl0045.jpg in Resources */ = {isa = PBXBuildFile; fileRef = F7DCB06E2AF4E511001E8801 /* nssl0045.jpg */; };
		F7DCB0792AF4E511001E8801 /* nssl0051.jpg in Resources */ = {isa = PBXBuildFile; fileRef = F7DCB06F2AF4E511001E8801 /* nssl0051.jpg */; };
		F7DCB07A2AF4E511001E8801 /* nssl0041.jpg in Resources */ = {isa = PBXBuildFile; fileRef = F7DCB0702AF4E511001E8801 /* nssl0041.jpg */; };
		F7DCB07B2AF4E511001E8801 /* nssl0042.jpg in Resources */ = {isa = PBXBuildFile; fileRef = F7DCB0712AF4E511001E8801 /* nssl0042.jpg */; };
		F7DCB07C2AF4E511001E8801 /* nssl0043.jpg in Resources */ = {isa = PBXBuildFile; fileRef = F7DCB0722AF4E511001E8801 /* nssl0043.jpg */; };
		F7DCB07D2AF4E511001E8801 /* nssl0033.jpg in Resources */ = {isa = PBXBuildFile; fileRef = F7DCB0732AF4E511001E8801 /* nssl0033.jpg */; };
		F7DCB07E2AF4E511001E8801 /* nssl0034.jpg in Resources */ = {isa = PBXBuildFile; fileRef = F7DCB0742AF4E511001E8801 /* nssl0034.jpg */; };
/* End PBXBuildFile section */

/* Begin PBXFileReference section */
		F70C07612AF6753300039E1E /* DetailViewController.swift */ = {isa = PBXFileReference; lastKnownFileType = sourcecode.swift; path = DetailViewController.swift; sourceTree = "<group>"; };
		F7DCB0532AF4E37B001E8801 /* project1.app */ = {isa = PBXFileReference; explicitFileType = wrapper.application; includeInIndex = 0; path = project1.app; sourceTree = BUILT_PRODUCTS_DIR; };
		F7DCB0562AF4E37B001E8801 /* AppDelegate.swift */ = {isa = PBXFileReference; lastKnownFileType = sourcecode.swift; path = AppDelegate.swift; sourceTree = "<group>"; };
		F7DCB0582AF4E37B001E8801 /* SceneDelegate.swift */ = {isa = PBXFileReference; lastKnownFileType = sourcecode.swift; path = SceneDelegate.swift; sourceTree = "<group>"; };
		F7DCB05A2AF4E37B001E8801 /* ViewController.swift */ = {isa = PBXFileReference; lastKnownFileType = sourcecode.swift; path = ViewController.swift; sourceTree = "<group>"; };
		F7DCB05D2AF4E37B001E8801 /* Base */ = {isa = PBXFileReference; lastKnownFileType = file.storyboard; name = Base; path = Base.lproj/Main.storyboard; sourceTree = "<group>"; };
		F7DCB05F2AF4E37C001E8801 /* Assets.xcassets */ = {isa = PBXFileReference; lastKnownFileType = folder.assetcatalog; path = Assets.xcassets; sourceTree = "<group>"; };
		F7DCB0622AF4E37C001E8801 /* Base */ = {isa = PBXFileReference; lastKnownFileType = file.storyboard; name = Base; path = Base.lproj/LaunchScreen.storyboard; sourceTree = "<group>"; };
		F7DCB0642AF4E37C001E8801 /* Info.plist */ = {isa = PBXFileReference; lastKnownFileType = text.plist.xml; path = Info.plist; sourceTree = "<group>"; };
		F7DCB06B2AF4E511001E8801 /* nssl0049.jpg */ = {isa = PBXFileReference; lastKnownFileType = image.jpeg; path = nssl0049.jpg; sourceTree = "<group>"; };
		F7DCB06C2AF4E511001E8801 /* nssl0046.jpg */ = {isa = PBXFileReference; lastKnownFileType = image.jpeg; path = nssl0046.jpg; sourceTree = "<group>"; };
		F7DCB06D2AF4E511001E8801 /* nssl0091.jpg */ = {isa = PBXFileReference; lastKnownFileType = image.jpeg; path = nssl0091.jpg; sourceTree = "<group>"; };
		F7DCB06E2AF4E511001E8801 /* nssl0045.jpg */ = {isa = PBXFileReference; lastKnownFileType = image.jpeg; path = nssl0045.jpg; sourceTree = "<group>"; };
		F7DCB06F2AF4E511001E8801 /* nssl0051.jpg */ = {isa = PBXFileReference; lastKnownFileType = image.jpeg; path = nssl0051.jpg; sourceTree = "<group>"; };
		F7DCB0702AF4E511001E8801 /* nssl0041.jpg */ = {isa = PBXFileReference; lastKnownFileType = image.jpeg; path = nssl0041.jpg; sourceTree = "<group>"; };
		F7DCB0712AF4E511001E8801 /* nssl0042.jpg */ = {isa = PBXFileReference; lastKnownFileType = image.jpeg; path = nssl0042.jpg; sourceTree = "<group>"; };
		F7DCB0722AF4E511001E8801 /* nssl0043.jpg */ = {isa = PBXFileReference; lastKnownFileType = image.jpeg; path = nssl0043.jpg; sourceTree = "<group>"; };
		F7DCB0732AF4E511001E8801 /* nssl0033.jpg */ = {isa = PBXFileReference; lastKnownFileType = image.jpeg; path = nssl0033.jpg; sourceTree = "<group>"; };
		F7DCB0742AF4E511001E8801 /* nssl0034.jpg */ = {isa = PBXFileReference; lastKnownFileType = image.jpeg; path = nssl0034.jpg; sourceTree = "<group>"; };
/* End PBXFileReference section */

/* Begin PBXFrameworksBuildPhase section */
		F7DCB0502AF4E37B001E8801 /* Frameworks */ = {
			isa = PBXFrameworksBuildPhase;
			buildActionMask = 2147483647;
			files = (
			);
			runOnlyForDeploymentPostprocessing = 0;
		};
/* End PBXFrameworksBuildPhase section */

/* Begin PBXGroup section */
		F7DCB04A2AF4E37B001E8801 = {
			isa = PBXGroup;
			children = (
				F7DCB0552AF4E37B001E8801 /* project1 */,
				F7DCB0542AF4E37B001E8801 /* Products */,
			);
			sourceTree = "<group>";
		};
		F7DCB0542AF4E37B001E8801 /* Products */ = {
			isa = PBXGroup;
			children = (
				F7DCB0532AF4E37B001E8801 /* project1.app */,
			);
			name = Products;
			sourceTree = "<group>";
		};
		F7DCB0552AF4E37B001E8801 /* project1 */ = {
			isa = PBXGroup;
			children = (
				F7DCB0562AF4E37B001E8801 /* AppDelegate.swift */,
				F7DCB0582AF4E37B001E8801 /* SceneDelegate.swift */,
				F7DCB05A2AF4E37B001E8801 /* ViewController.swift */,
				F70C07612AF6753300039E1E /* DetailViewController.swift */,
				F7DCB05C2AF4E37B001E8801 /* Main.storyboard */,
				F7DCB05F2AF4E37C001E8801 /* Assets.xcassets */,
				F7DCB0612AF4E37C001E8801 /* LaunchScreen.storyboard */,
				F7DCB06A2AF4E511001E8801 /* Content */,
				F7DCB0642AF4E37C001E8801 /* Info.plist */,
			);
			path = project1;
			sourceTree = "<group>";
		};
		F7DCB06A2AF4E511001E8801 /* Content */ = {
			isa = PBXGroup;
			children = (
				F7DCB06B2AF4E511001E8801 /* nssl0049.jpg */,
				F7DCB06C2AF4E511001E8801 /* nssl0046.jpg */,
				F7DCB06D2AF4E511001E8801 /* nssl0091.jpg */,
				F7DCB06E2AF4E511001E8801 /* nssl0045.jpg */,
				F7DCB06F2AF4E511001E8801 /* nssl0051.jpg */,
				F7DCB0702AF4E511001E8801 /* nssl0041.jpg */,
				F7DCB0712AF4E511001E8801 /* nssl0042.jpg */,
				F7DCB0722AF4E511001E8801 /* nssl0043.jpg */,
				F7DCB0732AF4E511001E8801 /* nssl0033.jpg */,
				F7DCB0742AF4E511001E8801 /* nssl0034.jpg */,
			);
			path = Content;
			sourceTree = "<group>";
		};
/* End PBXGroup section */

/* Begin PBXNativeTarget section */
		F7DCB0522AF4E37B001E8801 /* project1 */ = {
			isa = PBXNativeTarget;
			buildConfigurationList = F7DCB0672AF4E37C001E8801 /* Build configuration list for PBXNativeTarget "project1" */;
			buildPhases = (
				F7DCB04F2AF4E37B001E8801 /* Sources */,
				F7DCB0502AF4E37B001E8801 /* Frameworks */,
				F7DCB0512AF4E37B001E8801 /* Resources */,
			);
			buildRules = (
			);
			dependencies = (
			);
			name = project1;
			productName = project1;
			productReference = F7DCB0532AF4E37B001E8801 /* project1.app */;
			productType = "com.apple.product-type.application";
		};
/* End PBXNativeTarget section */

/* Begin PBXProject section */
		F7DCB04B2AF4E37B001E8801 /* Project object */ = {
			isa = PBXProject;
			attributes = {
				BuildIndependentTargetsInParallel = 1;
				LastSwiftUpdateCheck = 1430;
				LastUpgradeCheck = 1430;
				TargetAttributes = {
					F7DCB0522AF4E37B001E8801 = {
						CreatedOnToolsVersion = 14.3.1;
					};
				};
			};
			buildConfigurationList = F7DCB04E2AF4E37B001E8801 /* Build configuration list for PBXProject "project1" */;
			compatibilityVersion = "Xcode 14.0";
			developmentRegion = en;
			hasScannedForEncodings = 0;
			knownRegions = (
				en,
				Base,
			);
			mainGroup = F7DCB04A2AF4E37B001E8801;
			productRefGroup = F7DCB0542AF4E37B001E8801 /* Products */;
			projectDirPath = "";
			projectRoot = "";
			targets = (
				F7DCB0522AF4E37B001E8801 /* project1 */,
			);
		};
/* End PBXProject section */

/* Begin PBXResourcesBuildPhase section */
		F7DCB0512AF4E37B001E8801 /* Resources */ = {
			isa = PBXResourcesBuildPhase;
			buildActionMask = 2147483647;
			files = (
				F7DCB0762AF4E511001E8801 /* nssl0046.jpg in Resources */,
				F7DCB07D2AF4E511001E8801 /* nssl0033.jpg in Resources */,
				F7DCB0792AF4E511001E8801 /* nssl0051.jpg in Resources */,
				F7DCB0772AF4E511001E8801 /* nssl0091.jpg in Resources */,
				F7DCB07C2AF4E511001E8801 /* nssl0043.jpg in Resources */,
				F7DCB07E2AF4E511001E8801 /* nssl0034.jpg in Resources */,
				F7DCB0752AF4E511001E8801 /* nssl0049.jpg in Resources */,
				F7DCB07A2AF4E511001E8801 /* nssl0041.jpg in Resources */,
				F7DCB07B2AF4E511001E8801 /* nssl0042.jpg in Resources */,
				F7DCB0632AF4E37C001E8801 /* LaunchScreen.storyboard in Resources */,
				F7DCB0602AF4E37C001E8801 /* Assets.xcassets in Resources */,
				F7DCB0782AF4E511001E8801 /* nssl0045.jpg in Resources */,
				F7DCB05E2AF4E37B001E8801 /* Main.storyboard in Resources */,
			);
			runOnlyForDeploymentPostprocessing = 0;
		};
/* End PBXResourcesBuildPhase section */

/* Begin PBXSourcesBuildPhase section */
		F7DCB04F2AF4E37B001E8801 /* Sources */ = {
			isa = PBXSourcesBuildPhase;
			buildActionMask = 2147483647;
			files = (
				F7DCB05B2AF4E37B001E8801 /* ViewController.swift in Sources */,
				F7DCB0572AF4E37B001E8801 /* AppDelegate.swift in Sources */,
				F7DCB0592AF4E37B001E8801 /* SceneDelegate.swift in Sources */,
				F70C07622AF6753300039E1E /* DetailViewController.swift in Sources */,
			);
			runOnlyForDeploymentPostprocessing = 0;
		};
/* End PBXSourcesBuildPhase section */

/* Begin PBXVariantGroup section */
		F7DCB05C2AF4E37B001E8801 /* Main.storyboard */ = {
			isa = PBXVariantGroup;
			children = (
				F7DCB05D2AF4E37B001E8801 /* Base */,
			);
			name = Main.storyboard;
			sourceTree = "<group>";
		};
		F7DCB0612AF4E37C001E8801 /* LaunchScreen.storyboard */ = {
			isa = PBXVariantGroup;
			children = (
				F7DCB0622AF4E37C001E8801 /* Base */,
			);
			name = LaunchScreen.storyboard;
			sourceTree = "<group>";
		};
/* End PBXVariantGroup section */

/* Begin XCBuildConfiguration section */
		F7DCB0652AF4E37C001E8801 /* Debug */ = {
			isa = XCBuildConfiguration;
			buildSettings = {
				ALWAYS_SEARCH_USER_PATHS = NO;
				CLANG_ANALYZER_NONNULL = YES;
				CLANG_ANALYZER_NUMBER_OBJECT_CONVERSION = YES_AGGRESSIVE;
				CLANG_CXX_LANGUAGE_STANDARD = "gnu++20";
				CLANG_ENABLE_MODULES = YES;
				CLANG_ENABLE_OBJC_ARC = YES;
				CLANG_ENABLE_OBJC_WEAK = YES;
				CLANG_WARN_BLOCK_CAPTURE_AUTORELEASING = YES;
				CLANG_WARN_BOOL_CONVERSION = YES;
				CLANG_WARN_COMMA = YES;
				CLANG_WARN_CONSTANT_CONVERSION = YES;
				CLANG_WARN_DEPRECATED_OBJC_IMPLEMENTATIONS = YES;
				CLANG_WARN_DIRECT_OBJC_ISA_USAGE = YES_ERROR;
				CLANG_WARN_DOCUMENTATION_COMMENTS = YES;
				CLANG_WARN_EMPTY_BODY = YES;
				CLANG_WARN_ENUM_CONVERSION = YES;
				CLANG_WARN_INFINITE_RECURSION = YES;
				CLANG_WARN_INT_CONVERSION = YES;
				CLANG_WARN_NON_LITERAL_NULL_CONVERSION = YES;
				CLANG_WARN_OBJC_IMPLICIT_RETAIN_SELF = YES;
				CLANG_WARN_OBJC_LITERAL_CONVERSION = YES;
				CLANG_WARN_OBJC_ROOT_CLASS = YES_ERROR;
				CLANG_WARN_QUOTED_INCLUDE_IN_FRAMEWORK_HEADER = YES;
				CLANG_WARN_RANGE_LOOP_ANALYSIS = YES;
				CLANG_WARN_STRICT_PROTOTYPES = YES;
				CLANG_WARN_SUSPICIOUS_MOVE = YES;
				CLANG_WARN_UNGUARDED_AVAILABILITY = YES_AGGRESSIVE;
				CLANG_WARN_UNREACHABLE_CODE = YES;
				CLANG_WARN__DUPLICATE_METHOD_MATCH = YES;
				COPY_PHASE_STRIP = NO;
				DEBUG_INFORMATION_FORMAT = dwarf;
				ENABLE_STRICT_OBJC_MSGSEND = YES;
				ENABLE_TESTABILITY = YES;
				GCC_C_LANGUAGE_STANDARD = gnu11;
				GCC_DYNAMIC_NO_PIC = NO;
				GCC_NO_COMMON_BLOCKS = YES;
				GCC_OPTIMIZATION_LEVEL = 0;
				GCC_PREPROCESSOR_DEFINITIONS = (
					"DEBUG=1",
					"$(inherited)",
				);
				GCC_WARN_64_TO_32_BIT_CONVERSION = YES;
				GCC_WARN_ABOUT_RETURN_TYPE = YES_ERROR;
				GCC_WARN_UNDECLARED_SELECTOR = YES;
				GCC_WARN_UNINITIALIZED_AUTOS = YES_AGGRESSIVE;
				GCC_WARN_UNUSED_FUNCTION = YES;
				GCC_WARN_UNUSED_VARIABLE = YES;
				IPHONEOS_DEPLOYMENT_TARGET = 16.4;
				MTL_ENABLE_DEBUG_INFO = INCLUDE_SOURCE;
				MTL_FAST_MATH = YES;
				ONLY_ACTIVE_ARCH = YES;
				SDKROOT = iphoneos;
				SWIFT_ACTIVE_COMPILATION_CONDITIONS = DEBUG;
				SWIFT_OPTIMIZATION_LEVEL = "-Onone";
			};
			name = Debug;
		};
		F7DCB0662AF4E37C001E8801 /* Release */ = {
			isa = XCBuildConfiguration;
			buildSettings = {
				ALWAYS_SEARCH_USER_PATHS = NO;
				CLANG_ANALYZER_NONNULL = YES;
				CLANG_ANALYZER_NUMBER_OBJECT_CONVERSION = YES_AGGRESSIVE;
				CLANG_CXX_LANGUAGE_STANDARD = "gnu++20";
				CLANG_ENABLE_MODULES = YES;
				CLANG_ENABLE_OBJC_ARC = YES;
				CLANG_ENABLE_OBJC_WEAK = YES;
				CLANG_WARN_BLOCK_CAPTURE_AUTORELEASING = YES;
				CLANG_WARN_BOOL_CONVERSION = YES;
				CLANG_WARN_COMMA = YES;
				CLANG_WARN_CONSTANT_CONVERSION = YES;
				CLANG_WARN_DEPRECATED_OBJC_IMPLEMENTATIONS = YES;
				CLANG_WARN_DIRECT_OBJC_ISA_USAGE = YES_ERROR;
				CLANG_WARN_DOCUMENTATION_COMMENTS = YES;
				CLANG_WARN_EMPTY_BODY = YES;
				CLANG_WARN_ENUM_CONVERSION = YES;
				CLANG_WARN_INFINITE_RECURSION = YES;
				CLANG_WARN_INT_CONVERSION = YES;
				CLANG_WARN_NON_LITERAL_NULL_CONVERSION = YES;
				CLANG_WARN_OBJC_IMPLICIT_RETAIN_SELF = YES;
				CLANG_WARN_OBJC_LITERAL_CONVERSION = YES;
				CLANG_WARN_OBJC_ROOT_CLASS = YES_ERROR;
				CLANG_WARN_QUOTED_INCLUDE_IN_FRAMEWORK_HEADER = YES;
				CLANG_WARN_RANGE_LOOP_ANALYSIS = YES;
				CLANG_WARN_STRICT_PROTOTYPES = YES;
				CLANG_WARN_SUSPICIOUS_MOVE = YES;
				CLANG_WARN_UNGUARDED_AVAILABILITY = YES_AGGRESSIVE;
				CLANG_WARN_UNREACHABLE_CODE = YES;
				CLANG_WARN__DUPLICATE_METHOD_MATCH = YES;
				COPY_PHASE_STRIP = NO;
				DEBUG_INFORMATION_FORMAT = "dwarf-with-dsym";
				ENABLE_NS_ASSERTIONS = NO;
				ENABLE_STRICT_OBJC_MSGSEND = YES;
				GCC_C_LANGUAGE_STANDARD = gnu11;
				GCC_NO_COMMON_BLOCKS = YES;
				GCC_WARN_64_TO_32_BIT_CONVERSION = YES;
				GCC_WARN_ABOUT_RETURN_TYPE = YES_ERROR;
				GCC_WARN_UNDECLARED_SELECTOR = YES;
				GCC_WARN_UNINITIALIZED_AUTOS = YES_AGGRESSIVE;
				GCC_WARN_UNUSED_FUNCTION = YES;
				GCC_WARN_UNUSED_VARIABLE = YES;
				IPHONEOS_DEPLOYMENT_TARGET = 16.4;
				MTL_ENABLE_DEBUG_INFO = NO;
				MTL_FAST_MATH = YES;
				SDKROOT = iphoneos;
				SWIFT_COMPILATION_MODE = wholemodule;
				SWIFT_OPTIMIZATION_LEVEL = "-O";
				VALIDATE_PRODUCT = YES;
			};
			name = Release;
		};
		F7DCB0682AF4E37C001E8801 /* Debug */ = {
			isa = XCBuildConfiguration;
			buildSettings = {
				ASSETCATALOG_COMPILER_APPICON_NAME = AppIcon;
				ASSETCATALOG_COMPILER_GLOBAL_ACCENT_COLOR_NAME = AccentColor;
				CODE_SIGN_STYLE = Automatic;
				CURRENT_PROJECT_VERSION = 1;
				GENERATE_INFOPLIST_FILE = YES;
				INFOPLIST_FILE = project1/Info.plist;
				INFOPLIST_KEY_UIApplicationSupportsIndirectInputEvents = YES;
				INFOPLIST_KEY_UILaunchStoryboardName = LaunchScreen;
				INFOPLIST_KEY_UIMainStoryboardFile = Main;
				INFOPLIST_KEY_UISupportedInterfaceOrientations_iPad = "UIInterfaceOrientationPortrait UIInterfaceOrientationPortraitUpsideDown UIInterfaceOrientationLandscapeLeft UIInterfaceOrientationLandscapeRight";
				INFOPLIST_KEY_UISupportedInterfaceOrientations_iPhone = "UIInterfaceOrientationPortrait UIInterfaceOrientationLandscapeLeft UIInterfaceOrientationLandscapeRight";
				LD_RUNPATH_SEARCH_PATHS = (
					"$(inherited)",
					"@executable_path/Frameworks",
				);
				MARKETING_VERSION = 1.0;
				PRODUCT_BUNDLE_IDENTIFIER = atallah.project1;
				PRODUCT_NAME = "$(TARGET_NAME)";
				SWIFT_EMIT_LOC_STRINGS = YES;
				SWIFT_VERSION = 5.0;
				TARGETED_DEVICE_FAMILY = "1,2";
			};
			name = Debug;
		};
		F7DCB0692AF4E37C001E8801 /* Release */ = {
			isa = XCBuildConfiguration;
			buildSettings = {
				ASSETCATALOG_COMPILER_APPICON_NAME = AppIcon;
				ASSETCATALOG_COMPILER_GLOBAL_ACCENT_COLOR_NAME = AccentColor;
				CODE_SIGN_STYLE = Automatic;
				CURRENT_PROJECT_VERSION = 1;
				GENERATE_INFOPLIST_FILE = YES;
				INFOPLIST_FILE = project1/Info.plist;
				INFOPLIST_KEY_UIApplicationSupportsIndirectInputEvents = YES;
				INFOPLIST_KEY_UILaunchStoryboardName = LaunchScreen;
				INFOPLIST_KEY_UIMainStoryboardFile = Main;
				INFOPLIST_KEY_UISupportedInterfaceOrientations_iPad = "UIInterfaceOrientationPortrait UIInterfaceOrientationPortraitUpsideDown UIInterfaceOrientationLandscapeLeft UIInterfaceOrientationLandscapeRight";
				INFOPLIST_KEY_UISupportedInterfaceOrientations_iPhone = "UIInterfaceOrientationPortrait UIInterfaceOrientationLandscapeLeft UIInterfaceOrientationLandscapeRight";
				LD_RUNPATH_SEARCH_PATHS = (
					"$(inherited)",
					"@executable_path/Frameworks",
				);
				MARKETING_VERSION = 1.0;
				PRODUCT_BUNDLE_IDENTIFIER = atallah.project1;
				PRODUCT_NAME = "$(TARGET_NAME)";
				SWIFT_EMIT_LOC_STRINGS = YES;
				SWIFT_VERSION = 5.0;
				TARGETED_DEVICE_FAMILY = "1,2";
			};
			name = Release;
		};
/* End XCBuildConfiguration section */

/* Begin XCConfigurationList section */
		F7DCB04E2AF4E37B001E8801 /* Build configuration list for PBXProject "project1" */ = {
			isa = XCConfigurationList;
			buildConfigurations = (
				F7DCB0652AF4E37C001E8801 /* Debug */,
				F7DCB0662AF4E37C001E8801 /* Release */,
			);
			defaultConfigurationIsVisible = 0;
			defaultConfigurationName = Release;
		};
		F7DCB0672AF4E37C001E8801 /* Build configuration list for PBXNativeTarget "project1" */ = {
			isa = XCConfigurationList;
			buildConfigurations = (
				F7DCB0682AF4E37C001E8801 /* Debug */,
				F7DCB0692AF4E37C001E8801 /* Release */,
			);
			defaultConfigurationIsVisible = 0;
			defaultConfigurationName = Release;
		};
/* End XCConfigurationList section */
	};
	rootObject = F7DCB04B2AF4E37B001E8801 /* Project object */;
}
